PODS:
  - HYAsyncDisplayKit (0.2.8)

DEPENDENCIES:
  - HYAsyncDisplayKit (from `../`)

EXTERNAL SOURCES:
  HYAsyncDisplayKit:
    :path: "../"

SPEC CHECKSUMS:
  HYAsyncDisplayKit: 9946d6e5fa197aedff8d58fd9d25b655f2d8f172

PODFILE CHECKSUM: 3e0f495e27bf0b42aa4163d258b49948da5087a2

COCOAPODS: 1.16.2
