PODS:
  - HYAsyncDisplayKit (0.1.1)

DEPENDENCIES:
  - HYAsyncDisplayKit (from `../`)

EXTERNAL SOURCES:
  HYAsyncDisplayKit:
    :path: "../"

SPEC CHECKSUMS:
  HYAsyncDisplayKit: 25e8c424e806bbf39b9d7fbbcb5b896036d4c667

PODFILE CHECKSUM: 3e0f495e27bf0b42aa4163d258b49948da5087a2

COCOAPODS: 1.16.2
