PODS:
  - HYAsyncDisplayKit (0.3.8)

DEPENDENCIES:
  - HYAsyncDisplayKit (from `../`)

EXTERNAL SOURCES:
  HYAsyncDisplayKit:
    :path: "../"

SPEC CHECKSUMS:
  HYAsyncDisplayKit: ae6248b11efedd7259d46a2265d465f366978415

PODFILE CHECKSUM: be75c454193d7bea0c2bebc25a3dc0f02f7e9ffa

COCOAPODS: 1.16.2
